
Microsoft Visual Studio Solution File, Format Version 12.00
# Visual Studio Version 17
VisualStudioVersion = 17.0.31903.59
MinimumVisualStudioVersion = 10.0.40219.1
Project("{FAE04EC0-301F-11D3-BF4B-00C04F79EFBC}") = "CsCallGraph.Core", "src\CsCallGraph.Core\CsCallGraph.Core.csproj", "{F2A280E9-3843-4A05-B562-B91F9BCC7425}"
EndProject
Project("{FAE04EC0-301F-11D3-BF4B-00C04F79EFBC}") = "CsCallGraph.Cli", "src\CsCallGraph.Cli\CsCallGraph.Cli.csproj", "{05B3E1AA-7F72-4E28-B503-34C84A946460}"
EndProject
Project("{FAE04EC0-301F-11D3-BF4B-00C04F79EFBC}") = "CsCallGraph.Core.Tests", "tests\CsCallGraph.Core.Tests\CsCallGraph.Core.Tests.csproj", "{110B5987-BACA-4DFB-BF07-98E693606BEE}"
EndProject
Project("{2150E333-8FDC-42A3-9474-1A3956D46DE8}") = "src", "src", "{827E0CD3-B72D-47B6-A68D-7590B98EB39B}"
EndProject
Project("{FAE04EC0-301F-11D3-BF4B-00C04F79EFBC}") = "CsCallGraph.LanguageServer", "src\CsCallGraph.LanguageServer\CsCallGraph.LanguageServer.csproj", "{D395BF65-BDB7-4707-893A-F37FC42D0E3F}"
EndProject
Global
	GlobalSection(SolutionConfigurationPlatforms) = preSolution
		Debug|Any CPU = Debug|Any CPU
		Debug|x64 = Debug|x64
		Debug|x86 = Debug|x86
		Release|Any CPU = Release|Any CPU
		Release|x64 = Release|x64
		Release|x86 = Release|x86
	EndGlobalSection
	GlobalSection(ProjectConfigurationPlatforms) = postSolution
		{F2A280E9-3843-4A05-B562-B91F9BCC7425}.Debug|Any CPU.ActiveCfg = Debug|Any CPU
		{F2A280E9-3843-4A05-B562-B91F9BCC7425}.Debug|Any CPU.Build.0 = Debug|Any CPU
		{F2A280E9-3843-4A05-B562-B91F9BCC7425}.Debug|x64.ActiveCfg = Debug|Any CPU
		{F2A280E9-3843-4A05-B562-B91F9BCC7425}.Debug|x64.Build.0 = Debug|Any CPU
		{F2A280E9-3843-4A05-B562-B91F9BCC7425}.Debug|x86.ActiveCfg = Debug|Any CPU
		{F2A280E9-3843-4A05-B562-B91F9BCC7425}.Debug|x86.Build.0 = Debug|Any CPU
		{F2A280E9-3843-4A05-B562-B91F9BCC7425}.Release|Any CPU.ActiveCfg = Release|Any CPU
		{F2A280E9-3843-4A05-B562-B91F9BCC7425}.Release|Any CPU.Build.0 = Release|Any CPU
		{F2A280E9-3843-4A05-B562-B91F9BCC7425}.Release|x64.ActiveCfg = Release|Any CPU
		{F2A280E9-3843-4A05-B562-B91F9BCC7425}.Release|x64.Build.0 = Release|Any CPU
		{F2A280E9-3843-4A05-B562-B91F9BCC7425}.Release|x86.ActiveCfg = Release|Any CPU
		{F2A280E9-3843-4A05-B562-B91F9BCC7425}.Release|x86.Build.0 = Release|Any CPU
		{05B3E1AA-7F72-4E28-B503-34C84A946460}.Debug|Any CPU.ActiveCfg = Debug|Any CPU
		{05B3E1AA-7F72-4E28-B503-34C84A946460}.Debug|Any CPU.Build.0 = Debug|Any CPU
		{05B3E1AA-7F72-4E28-B503-34C84A946460}.Debug|x64.ActiveCfg = Debug|Any CPU
		{05B3E1AA-7F72-4E28-B503-34C84A946460}.Debug|x64.Build.0 = Debug|Any CPU
		{05B3E1AA-7F72-4E28-B503-34C84A946460}.Debug|x86.ActiveCfg = Debug|Any CPU
		{05B3E1AA-7F72-4E28-B503-34C84A946460}.Debug|x86.Build.0 = Debug|Any CPU
		{05B3E1AA-7F72-4E28-B503-34C84A946460}.Release|Any CPU.ActiveCfg = Release|Any CPU
		{05B3E1AA-7F72-4E28-B503-34C84A946460}.Release|Any CPU.Build.0 = Release|Any CPU
		{05B3E1AA-7F72-4E28-B503-34C84A946460}.Release|x64.ActiveCfg = Release|Any CPU
		{05B3E1AA-7F72-4E28-B503-34C84A946460}.Release|x64.Build.0 = Release|Any CPU
		{05B3E1AA-7F72-4E28-B503-34C84A946460}.Release|x86.ActiveCfg = Release|Any CPU
		{05B3E1AA-7F72-4E28-B503-34C84A946460}.Release|x86.Build.0 = Release|Any CPU
		{110B5987-BACA-4DFB-BF07-98E693606BEE}.Debug|Any CPU.ActiveCfg = Debug|Any CPU
		{110B5987-BACA-4DFB-BF07-98E693606BEE}.Debug|Any CPU.Build.0 = Debug|Any CPU
		{110B5987-BACA-4DFB-BF07-98E693606BEE}.Debug|x64.ActiveCfg = Debug|Any CPU
		{110B5987-BACA-4DFB-BF07-98E693606BEE}.Debug|x64.Build.0 = Debug|Any CPU
		{110B5987-BACA-4DFB-BF07-98E693606BEE}.Debug|x86.ActiveCfg = Debug|Any CPU
		{110B5987-BACA-4DFB-BF07-98E693606BEE}.Debug|x86.Build.0 = Debug|Any CPU
		{110B5987-BACA-4DFB-BF07-98E693606BEE}.Release|Any CPU.ActiveCfg = Release|Any CPU
		{110B5987-BACA-4DFB-BF07-98E693606BEE}.Release|Any CPU.Build.0 = Release|Any CPU
		{110B5987-BACA-4DFB-BF07-98E693606BEE}.Release|x64.ActiveCfg = Release|Any CPU
		{110B5987-BACA-4DFB-BF07-98E693606BEE}.Release|x64.Build.0 = Release|Any CPU
		{110B5987-BACA-4DFB-BF07-98E693606BEE}.Release|x86.ActiveCfg = Release|Any CPU
		{110B5987-BACA-4DFB-BF07-98E693606BEE}.Release|x86.Build.0 = Release|Any CPU
		{D395BF65-BDB7-4707-893A-F37FC42D0E3F}.Debug|Any CPU.ActiveCfg = Debug|Any CPU
		{D395BF65-BDB7-4707-893A-F37FC42D0E3F}.Debug|Any CPU.Build.0 = Debug|Any CPU
		{D395BF65-BDB7-4707-893A-F37FC42D0E3F}.Debug|x64.ActiveCfg = Debug|Any CPU
		{D395BF65-BDB7-4707-893A-F37FC42D0E3F}.Debug|x64.Build.0 = Debug|Any CPU
		{D395BF65-BDB7-4707-893A-F37FC42D0E3F}.Debug|x86.ActiveCfg = Debug|Any CPU
		{D395BF65-BDB7-4707-893A-F37FC42D0E3F}.Debug|x86.Build.0 = Debug|Any CPU
		{D395BF65-BDB7-4707-893A-F37FC42D0E3F}.Release|Any CPU.ActiveCfg = Release|Any CPU
		{D395BF65-BDB7-4707-893A-F37FC42D0E3F}.Release|Any CPU.Build.0 = Release|Any CPU
		{D395BF65-BDB7-4707-893A-F37FC42D0E3F}.Release|x64.ActiveCfg = Release|Any CPU
		{D395BF65-BDB7-4707-893A-F37FC42D0E3F}.Release|x64.Build.0 = Release|Any CPU
		{D395BF65-BDB7-4707-893A-F37FC42D0E3F}.Release|x86.ActiveCfg = Release|Any CPU
		{D395BF65-BDB7-4707-893A-F37FC42D0E3F}.Release|x86.Build.0 = Release|Any CPU
	EndGlobalSection
	GlobalSection(SolutionProperties) = preSolution
		HideSolutionNode = FALSE
	EndGlobalSection
	GlobalSection(NestedProjects) = preSolution
		{D395BF65-BDB7-4707-893A-F37FC42D0E3F} = {827E0CD3-B72D-47B6-A68D-7590B98EB39B}
	EndGlobalSection
EndGlobal
