Microsoft Visual Studio Solution File, Format Version 12.00
# Visual Studio Version 17
VisualStudioVersion = 17.0.31903.59
MinimumVisualStudioVersion = 10.0.40219.1
Project("{FAE04EC0-301F-11D3-BF4B-00C04F79EFBC}") = "SampleLibrary", "SampleLibrary\SampleLibrary.csproj", "{A12968BA-8909-40CB-AA87-E5FE2C251440}"
EndProject
Project("{FAE04EC0-301F-11D3-BF4B-00C04F79EFBC}") = "SampleConsoleApp", "SampleConsoleApp\SampleConsoleApp.csproj", "{3319C702-4730-4E21-83DA-FCDE0A8FAD89}"
EndProject
Global
	GlobalSection(SolutionConfigurationPlatforms) = preSolution
		Debug|Any CPU = Debug|Any CPU
		Release|Any CPU = Release|Any CPU
	EndGlobalSection
	GlobalSection(ProjectConfigurationPlatforms) = postSolution
		{A12968BA-8909-40CB-AA87-E5FE2C251440}.Debug|Any CPU.ActiveCfg = Debug|Any CPU
		{A12968BA-8909-40CB-AA87-E5FE2C251440}.Debug|Any CPU.Build.0 = Debug|Any CPU
		{A12968BA-8909-40CB-AA87-E5FE2C251440}.Release|Any CPU.ActiveCfg = Release|Any CPU
		{A12968BA-8909-40CB-AA87-E5FE2C251440}.Release|Any CPU.Build.0 = Release|Any CPU
		{3319C702-4730-4E21-83DA-FCDE0A8FAD89}.Debug|Any CPU.ActiveCfg = Debug|Any CPU
		{3319C702-4730-4E21-83DA-FCDE0A8FAD89}.Debug|Any CPU.Build.0 = Debug|Any CPU
		{3319C702-4730-4E21-83DA-FCDE0A8FAD89}.Release|Any CPU.ActiveCfg = Release|Any CPU
		{3319C702-4730-4E21-83DA-FCDE0A8FAD89}.Release|Any CPU.Build.0 = Release|Any CPU
	EndGlobalSection
EndGlobal
